
Microsoft Visual Studio Solution File, Format Version 12.00
# Visual Studio Version 16
VisualStudioVersion = 16.0.29418.71
MinimumVisualStudioVersion = 10.0.40219.1
Project("{FAE04EC0-301F-11D3-BF4B-00C04F79EFBC}") = "demo1", "demo1.csproj", "{10B828CD-09E2-434A-B875-A16830BF1C0A}"
EndProject
Global
	GlobalSection(SolutionConfigurationPlatforms) = preSolution
		Debug|Any CPU = Debug|Any CPU
		Release|Any CPU = Release|Any CPU
	EndGlobalSection
	GlobalSection(ProjectConfigurationPlatforms) = postSolution
		{10B828CD-09E2-434A-B875-A16830BF1C0A}.Debug|Any CPU.ActiveCfg = Debug|Any CPU
		{10B828CD-09E2-434A-B875-A16830BF1C0A}.Debug|Any CPU.Build.0 = Debug|Any CPU
		{10B828CD-09E2-434A-B875-A16830BF1C0A}.Release|Any CPU.ActiveCfg = Release|Any CPU
		{10B828CD-09E2-434A-B875-A16830BF1C0A}.Release|Any CPU.Build.0 = Release|Any CPU
	EndGlobalSection
	GlobalSection(SolutionProperties) = preSolution
		HideSolutionNode = FALSE
	EndGlobalSection
	GlobalSection(ExtensibilityGlobals) = postSolution
		SolutionGuid = {C58C7EFD-5725-4484-AB1B-23740145628E}
	EndGlobalSection
EndGlobal
