
Microsoft Visual Studio Solution File, Format Version 12.00
# Visual Studio Version 16
VisualStudioVersion = 16.0.29418.71
MinimumVisualStudioVersion = 10.0.40219.1
Project("{FAE04EC0-301F-11D3-BF4B-00C04F79EFBC}") = "EchoBotdemo", "EchoBotdemo.csproj", "{1EEE4F9D-0E53-4828-A878-A64956A0DE33}"
EndProject
Global
	GlobalSection(SolutionConfigurationPlatforms) = preSolution
		Debug|Any CPU = Debug|Any CPU
		Release|Any CPU = Release|Any CPU
	EndGlobalSection
	GlobalSection(ProjectConfigurationPlatforms) = postSolution
		{1EEE4F9D-0E53-4828-A878-A64956A0DE33}.Debug|Any CPU.ActiveCfg = Debug|Any CPU
		{1EEE4F9D-0E53-4828-A878-A64956A0DE33}.Debug|Any CPU.Build.0 = Debug|Any CPU
		{1EEE4F9D-0E53-4828-A878-A64956A0DE33}.Release|Any CPU.ActiveCfg = Release|Any CPU
		{1EEE4F9D-0E53-4828-A878-A64956A0DE33}.Release|Any CPU.Build.0 = Release|Any CPU
	EndGlobalSection
	GlobalSection(SolutionProperties) = preSolution
		HideSolutionNode = FALSE
	EndGlobalSection
	GlobalSection(ExtensibilityGlobals) = postSolution
		SolutionGuid = {F17D1FB0-9784-4F35-90B8-A713F3D8FBC7}
	EndGlobalSection
EndGlobal
